
Microsoft Visual Studio Solution File, Format Version 12.00
# Visual Studio 15
VisualStudioVersion = 15.0.28307.902
MinimumVisualStudioVersion = 10.0.40219.1
Project("{FAE04EC0-301F-11D3-BF4B-00C04F79EFBC}") = "Exam", "Exam\Exam.csproj", "{86942C49-9948-4291-A9DD-D9311096F773}"
EndProject
Global
	GlobalSection(SolutionConfigurationPlatforms) = preSolution
		Debug|Any CPU = Debug|Any CPU
		Release|Any CPU = Release|Any CPU
	EndGlobalSection
	GlobalSection(ProjectConfigurationPlatforms) = postSolution
		{86942C49-9948-4291-A9DD-D9311096F773}.Debug|Any CPU.ActiveCfg = Debug|Any CPU
		{86942C49-9948-4291-A9DD-D9311096F773}.Debug|Any CPU.Build.0 = Debug|Any CPU
		{86942C49-9948-4291-A9DD-D9311096F773}.Release|Any CPU.ActiveCfg = Release|Any CPU
		{86942C49-9948-4291-A9DD-D9311096F773}.Release|Any CPU.Build.0 = Release|Any CPU
	EndGlobalSection
	GlobalSection(SolutionProperties) = preSolution
		HideSolutionNode = FALSE
	EndGlobalSection
	GlobalSection(ExtensibilityGlobals) = postSolution
		SolutionGuid = {18E1BD8A-616B-4A51-9B9D-B5DBBD319593}
	EndGlobalSection
EndGlobal
